// !$*UTF8*$!
{
	archiveVersion = 1;
	classes = {
	};
	objectVersion = 56;
	objects = {

/* Begin PBXBuildFile section */
		A00914662C177EAD002B4AB2 /* CalculatorApp.swift in Sources */ = {isa = PBXBuildFile; fileRef = A00914652C177EAD002B4AB2 /* CalculatorApp.swift */; };
		A00914682C177EAD002B4AB2 /* CalculatorView.swift in Sources */ = {isa = PBXBuildFile; fileRef = A00914672C177EAD002B4AB2 /* CalculatorView.swift */; };
		A009146A2C177EAE002B4AB2 /* Assets.xcassets in Resources */ = {isa = PBXBuildFile; fileRef = A00914692C177EAE002B4AB2 /* Assets.xcassets */; };
		A009146D2C177EAE002B4AB2 /* Preview Assets.xcassets in Resources */ = {isa = PBXBuildFile; fileRef = A009146C2C177EAE002B4AB2 /* Preview Assets.xcassets */; };
		A00914762C17873D002B4AB2 /* Extension + Color.swift in Sources */ = {isa = PBXBuildFile; fileRef = A00914752C17873D002B4AB2 /* Extension + Color.swift */; };
		A04DCC082C199B2E00541CA1 /* ArithmeticOperation.swift in Sources */ = {isa = PBXBuildFile; fileRef = A04DCC072C199B2E00541CA1 /* ArithmeticOperation.swift */; };
		A04DCC0A2C199B4400541CA1 /* ButtonType.swift in Sources */ = {isa = PBXBuildFile; fileRef = A04DCC092C199B4400541CA1 /* ButtonType.swift */; };
		A04DCC0C2C199B6A00541CA1 /* Calculator.swift in Sources */ = {isa = PBXBuildFile; fileRef = A04DCC0B2C199B6A00541CA1 /* Calculator.swift */; };
		A04DCC0E2C199B8100541CA1 /* Digit.swift in Sources */ = {isa = PBXBuildFile; fileRef = A04DCC0D2C199B8100541CA1 /* Digit.swift */; };
		A04DCC102C199D1B00541CA1 /* ViewModel.swift in Sources */ = {isa = PBXBuildFile; fileRef = A04DCC0F2C199D1B00541CA1 /* ViewModel.swift */; };
		A04DCC132C199FF600541CA1 /* CalculatorButton.swift in Sources */ = {isa = PBXBuildFile; fileRef = A04DCC122C199FF600541CA1 /* CalculatorButton.swift */; };
/* End PBXBuildFile section */

/* Begin PBXFileReference section */
		A00914622C177EAD002B4AB2 /* Calculator.app */ = {isa = PBXFileReference; explicitFileType = wrapper.application; includeInIndex = 0; path = Calculator.app; sourceTree = BUILT_PRODUCTS_DIR; };
		A00914652C177EAD002B4AB2 /* CalculatorApp.swift */ = {isa = PBXFileReference; lastKnownFileType = sourcecode.swift; path = CalculatorApp.swift; sourceTree = "<group>"; };
		A00914672C177EAD002B4AB2 /* CalculatorView.swift */ = {isa = PBXFileReference; lastKnownFileType = sourcecode.swift; path = CalculatorView.swift; sourceTree = "<group>"; };
		A00914692C177EAE002B4AB2 /* Assets.xcassets */ = {isa = PBXFileReference; lastKnownFileType = folder.assetcatalog; path = Assets.xcassets; sourceTree = "<group>"; };
		A009146C2C177EAE002B4AB2 /* Preview Assets.xcassets */ = {isa = PBXFileReference; lastKnownFileType = folder.assetcatalog; path = "Preview Assets.xcassets"; sourceTree = "<group>"; };
		A00914752C17873D002B4AB2 /* Extension + Color.swift */ = {isa = PBXFileReference; lastKnownFileType = sourcecode.swift; path = "Extension + Color.swift"; sourceTree = "<group>"; };
		A04DCC072C199B2E00541CA1 /* ArithmeticOperation.swift */ = {isa = PBXFileReference; lastKnownFileType = sourcecode.swift; path = ArithmeticOperation.swift; sourceTree = "<group>"; };
		A04DCC092C199B4400541CA1 /* ButtonType.swift */ = {isa = PBXFileReference; lastKnownFileType = sourcecode.swift; path = ButtonType.swift; sourceTree = "<group>"; };
		A04DCC0B2C199B6A00541CA1 /* Calculator.swift */ = {isa = PBXFileReference; lastKnownFileType = sourcecode.swift; path = Calculator.swift; sourceTree = "<group>"; };
		A04DCC0D2C199B8100541CA1 /* Digit.swift */ = {isa = PBXFileReference; lastKnownFileType = sourcecode.swift; path = Digit.swift; sourceTree = "<group>"; };
		A04DCC0F2C199D1B00541CA1 /* ViewModel.swift */ = {isa = PBXFileReference; lastKnownFileType = sourcecode.swift; path = ViewModel.swift; sourceTree = "<group>"; };
		A04DCC122C199FF600541CA1 /* CalculatorButton.swift */ = {isa = PBXFileReference; lastKnownFileType = sourcecode.swift; path = CalculatorButton.swift; sourceTree = "<group>"; };
/* End PBXFileReference section */

/* Begin PBXFrameworksBuildPhase section */
		A009145F2C177EAD002B4AB2 /* Frameworks */ = {
			isa = PBXFrameworksBuildPhase;
			buildActionMask = 2147483647;
			files = (
			);
			runOnlyForDeploymentPostprocessing = 0;
		};
/* End PBXFrameworksBuildPhase section */

/* Begin PBXGroup section */
		A00914592C177EAD002B4AB2 = {
			isa = PBXGroup;
			children = (
				A00914642C177EAD002B4AB2 /* Calculator */,
				A00914632C177EAD002B4AB2 /* Products */,
			);
			sourceTree = "<group>";
		};
		A00914632C177EAD002B4AB2 /* Products */ = {
			isa = PBXGroup;
			children = (
				A00914622C177EAD002B4AB2 /* Calculator.app */,
			);
			name = Products;
			sourceTree = "<group>";
		};
		A00914642C177EAD002B4AB2 /* Calculator */ = {
			isa = PBXGroup;
			children = (
				A00914732C17872F002B4AB2 /* App */,
				A00914772C1787B6002B4AB2 /* CalculatorView */,
				A04DCC112C199FE800541CA1 /* Components */,
				A00914742C178734002B4AB2 /* Extensions */,
				A04DCC062C199B2100541CA1 /* Models */,
				A00914692C177EAE002B4AB2 /* Assets.xcassets */,
				A009146B2C177EAE002B4AB2 /* Preview Content */,
			);
			path = Calculator;
			sourceTree = "<group>";
		};
		A009146B2C177EAE002B4AB2 /* Preview Content */ = {
			isa = PBXGroup;
			children = (
				A009146C2C177EAE002B4AB2 /* Preview Assets.xcassets */,
			);
			path = "Preview Content";
			sourceTree = "<group>";
		};
		A00914732C17872F002B4AB2 /* App */ = {
			isa = PBXGroup;
			children = (
				A00914652C177EAD002B4AB2 /* CalculatorApp.swift */,
			);
			path = App;
			sourceTree = "<group>";
		};
		A00914742C178734002B4AB2 /* Extensions */ = {
			isa = PBXGroup;
			children = (
				A00914752C17873D002B4AB2 /* Extension + Color.swift */,
			);
			path = Extensions;
			sourceTree = "<group>";
		};
		A00914772C1787B6002B4AB2 /* CalculatorView */ = {
			isa = PBXGroup;
			children = (
				A00914672C177EAD002B4AB2 /* CalculatorView.swift */,
				A04DCC0F2C199D1B00541CA1 /* ViewModel.swift */,
			);
			path = CalculatorView;
			sourceTree = "<group>";
		};
		A04DCC062C199B2100541CA1 /* Models */ = {
			isa = PBXGroup;
			children = (
				A04DCC072C199B2E00541CA1 /* ArithmeticOperation.swift */,
				A04DCC092C199B4400541CA1 /* ButtonType.swift */,
				A04DCC0B2C199B6A00541CA1 /* Calculator.swift */,
				A04DCC0D2C199B8100541CA1 /* Digit.swift */,
			);
			path = Models;
			sourceTree = "<group>";
		};
		A04DCC112C199FE800541CA1 /* Components */ = {
			isa = PBXGroup;
			children = (
				A04DCC122C199FF600541CA1 /* CalculatorButton.swift */,
			);
			path = Components;
			sourceTree = "<group>";
		};
/* End PBXGroup section */

/* Begin PBXNativeTarget section */
		A00914612C177EAD002B4AB2 /* Calculator */ = {
			isa = PBXNativeTarget;
			buildConfigurationList = A00914702C177EAE002B4AB2 /* Build configuration list for PBXNativeTarget "Calculator" */;
			buildPhases = (
				A009145E2C177EAD002B4AB2 /* Sources */,
				A009145F2C177EAD002B4AB2 /* Frameworks */,
				A00914602C177EAD002B4AB2 /* Resources */,
			);
			buildRules = (
			);
			dependencies = (
			);
			name = Calculator;
			productName = Calculator;
			productReference = A00914622C177EAD002B4AB2 /* Calculator.app */;
			productType = "com.apple.product-type.application";
		};
/* End PBXNativeTarget section */

/* Begin PBXProject section */
		A009145A2C177EAD002B4AB2 /* Project object */ = {
			isa = PBXProject;
			attributes = {
				BuildIndependentTargetsInParallel = 1;
				LastSwiftUpdateCheck = 1530;
				LastUpgradeCheck = 1530;
				TargetAttributes = {
					A00914612C177EAD002B4AB2 = {
						CreatedOnToolsVersion = 15.3;
					};
				};
			};
			buildConfigurationList = A009145D2C177EAD002B4AB2 /* Build configuration list for PBXProject "Calculator" */;
			compatibilityVersion = "Xcode 14.0";
			developmentRegion = en;
			hasScannedForEncodings = 0;
			knownRegions = (
				en,
				Base,
			);
			mainGroup = A00914592C177EAD002B4AB2;
			productRefGroup = A00914632C177EAD002B4AB2 /* Products */;
			projectDirPath = "";
			projectRoot = "";
			targets = (
				A00914612C177EAD002B4AB2 /* Calculator */,
			);
		};
/* End PBXProject section */

/* Begin PBXResourcesBuildPhase section */
		A00914602C177EAD002B4AB2 /* Resources */ = {
			isa = PBXResourcesBuildPhase;
			buildActionMask = 2147483647;
			files = (
				A009146D2C177EAE002B4AB2 /* Preview Assets.xcassets in Resources */,
				A009146A2C177EAE002B4AB2 /* Assets.xcassets in Resources */,
			);
			runOnlyForDeploymentPostprocessing = 0;
		};
/* End PBXResourcesBuildPhase section */

/* Begin PBXSourcesBuildPhase section */
		A009145E2C177EAD002B4AB2 /* Sources */ = {
			isa = PBXSourcesBuildPhase;
			buildActionMask = 2147483647;
			files = (
				A04DCC0A2C199B4400541CA1 /* ButtonType.swift in Sources */,
				A04DCC132C199FF600541CA1 /* CalculatorButton.swift in Sources */,
				A00914682C177EAD002B4AB2 /* CalculatorView.swift in Sources */,
				A04DCC102C199D1B00541CA1 /* ViewModel.swift in Sources */,
				A00914762C17873D002B4AB2 /* Extension + Color.swift in Sources */,
				A00914662C177EAD002B4AB2 /* CalculatorApp.swift in Sources */,
				A04DCC082C199B2E00541CA1 /* ArithmeticOperation.swift in Sources */,
				A04DCC0E2C199B8100541CA1 /* Digit.swift in Sources */,
				A04DCC0C2C199B6A00541CA1 /* Calculator.swift in Sources */,
			);
			runOnlyForDeploymentPostprocessing = 0;
		};
/* End PBXSourcesBuildPhase section */

/* Begin XCBuildConfiguration section */
		A009146E2C177EAE002B4AB2 /* Debug */ = {
			isa = XCBuildConfiguration;
			buildSettings = {
				ALWAYS_SEARCH_USER_PATHS = NO;
				ASSETCATALOG_COMPILER_GENERATE_SWIFT_ASSET_SYMBOL_EXTENSIONS = YES;
				CLANG_ANALYZER_NONNULL = YES;
				CLANG_ANALYZER_NUMBER_OBJECT_CONVERSION = YES_AGGRESSIVE;
				CLANG_CXX_LANGUAGE_STANDARD = "gnu++20";
				CLANG_ENABLE_MODULES = YES;
				CLANG_ENABLE_OBJC_ARC = YES;
				CLANG_ENABLE_OBJC_WEAK = YES;
				CLANG_WARN_BLOCK_CAPTURE_AUTORELEASING = YES;
				CLANG_WARN_BOOL_CONVERSION = YES;
				CLANG_WARN_COMMA = YES;
				CLANG_WARN_CONSTANT_CONVERSION = YES;
				CLANG_WARN_DEPRECATED_OBJC_IMPLEMENTATIONS = YES;
				CLANG_WARN_DIRECT_OBJC_ISA_USAGE = YES_ERROR;
				CLANG_WARN_DOCUMENTATION_COMMENTS = YES;
				CLANG_WARN_EMPTY_BODY = YES;
				CLANG_WARN_ENUM_CONVERSION = YES;
				CLANG_WARN_INFINITE_RECURSION = YES;
				CLANG_WARN_INT_CONVERSION = YES;
				CLANG_WARN_NON_LITERAL_NULL_CONVERSION = YES;
				CLANG_WARN_OBJC_IMPLICIT_RETAIN_SELF = YES;
				CLANG_WARN_OBJC_LITERAL_CONVERSION = YES;
				CLANG_WARN_OBJC_ROOT_CLASS = YES_ERROR;
				CLANG_WARN_QUOTED_INCLUDE_IN_FRAMEWORK_HEADER = YES;
				CLANG_WARN_RANGE_LOOP_ANALYSIS = YES;
				CLANG_WARN_STRICT_PROTOTYPES = YES;
				CLANG_WARN_SUSPICIOUS_MOVE = YES;
				CLANG_WARN_UNGUARDED_AVAILABILITY = YES_AGGRESSIVE;
				CLANG_WARN_UNREACHABLE_CODE = YES;
				CLANG_WARN__DUPLICATE_METHOD_MATCH = YES;
				COPY_PHASE_STRIP = NO;
				DEBUG_INFORMATION_FORMAT = dwarf;
				ENABLE_STRICT_OBJC_MSGSEND = YES;
				ENABLE_TESTABILITY = YES;
				ENABLE_USER_SCRIPT_SANDBOXING = YES;
				GCC_C_LANGUAGE_STANDARD = gnu17;
				GCC_DYNAMIC_NO_PIC = NO;
				GCC_NO_COMMON_BLOCKS = YES;
				GCC_OPTIMIZATION_LEVEL = 0;
				GCC_PREPROCESSOR_DEFINITIONS = (
					"DEBUG=1",
					"$(inherited)",
				);
				GCC_WARN_64_TO_32_BIT_CONVERSION = YES;
				GCC_WARN_ABOUT_RETURN_TYPE = YES_ERROR;
				GCC_WARN_UNDECLARED_SELECTOR = YES;
				GCC_WARN_UNINITIALIZED_AUTOS = YES_AGGRESSIVE;
				GCC_WARN_UNUSED_FUNCTION = YES;
				GCC_WARN_UNUSED_VARIABLE = YES;
				IPHONEOS_DEPLOYMENT_TARGET = 17.4;
				LOCALIZATION_PREFERS_STRING_CATALOGS = YES;
				MTL_ENABLE_DEBUG_INFO = INCLUDE_SOURCE;
				MTL_FAST_MATH = YES;
				ONLY_ACTIVE_ARCH = YES;
				SDKROOT = iphoneos;
				SWIFT_ACTIVE_COMPILATION_CONDITIONS = "DEBUG $(inherited)";
				SWIFT_OPTIMIZATION_LEVEL = "-Onone";
			};
			name = Debug;
		};
		A009146F2C177EAE002B4AB2 /* Release */ = {
			isa = XCBuildConfiguration;
			buildSettings = {
				ALWAYS_SEARCH_USER_PATHS = NO;
				ASSETCATALOG_COMPILER_GENERATE_SWIFT_ASSET_SYMBOL_EXTENSIONS = YES;
				CLANG_ANALYZER_NONNULL = YES;
				CLANG_ANALYZER_NUMBER_OBJECT_CONVERSION = YES_AGGRESSIVE;
				CLANG_CXX_LANGUAGE_STANDARD = "gnu++20";
				CLANG_ENABLE_MODULES = YES;
				CLANG_ENABLE_OBJC_ARC = YES;
				CLANG_ENABLE_OBJC_WEAK = YES;
				CLANG_WARN_BLOCK_CAPTURE_AUTORELEASING = YES;
				CLANG_WARN_BOOL_CONVERSION = YES;
				CLANG_WARN_COMMA = YES;
				CLANG_WARN_CONSTANT_CONVERSION = YES;
				CLANG_WARN_DEPRECATED_OBJC_IMPLEMENTATIONS = YES;
				CLANG_WARN_DIRECT_OBJC_ISA_USAGE = YES_ERROR;
				CLANG_WARN_DOCUMENTATION_COMMENTS = YES;
				CLANG_WARN_EMPTY_BODY = YES;
				CLANG_WARN_ENUM_CONVERSION = YES;
				CLANG_WARN_INFINITE_RECURSION = YES;
				CLANG_WARN_INT_CONVERSION = YES;
				CLANG_WARN_NON_LITERAL_NULL_CONVERSION = YES;
				CLANG_WARN_OBJC_IMPLICIT_RETAIN_SELF = YES;
				CLANG_WARN_OBJC_LITERAL_CONVERSION = YES;
				CLANG_WARN_OBJC_ROOT_CLASS = YES_ERROR;
				CLANG_WARN_QUOTED_INCLUDE_IN_FRAMEWORK_HEADER = YES;
				CLANG_WARN_RANGE_LOOP_ANALYSIS = YES;
				CLANG_WARN_STRICT_PROTOTYPES = YES;
				CLANG_WARN_SUSPICIOUS_MOVE = YES;
				CLANG_WARN_UNGUARDED_AVAILABILITY = YES_AGGRESSIVE;
				CLANG_WARN_UNREACHABLE_CODE = YES;
				CLANG_WARN__DUPLICATE_METHOD_MATCH = YES;
				COPY_PHASE_STRIP = NO;
				DEBUG_INFORMATION_FORMAT = "dwarf-with-dsym";
				ENABLE_NS_ASSERTIONS = NO;
				ENABLE_STRICT_OBJC_MSGSEND = YES;
				ENABLE_USER_SCRIPT_SANDBOXING = YES;
				GCC_C_LANGUAGE_STANDARD = gnu17;
				GCC_NO_COMMON_BLOCKS = YES;
				GCC_WARN_64_TO_32_BIT_CONVERSION = YES;
				GCC_WARN_ABOUT_RETURN_TYPE = YES_ERROR;
				GCC_WARN_UNDECLARED_SELECTOR = YES;
				GCC_WARN_UNINITIALIZED_AUTOS = YES_AGGRESSIVE;
				GCC_WARN_UNUSED_FUNCTION = YES;
				GCC_WARN_UNUSED_VARIABLE = YES;
				IPHONEOS_DEPLOYMENT_TARGET = 17.4;
				LOCALIZATION_PREFERS_STRING_CATALOGS = YES;
				MTL_ENABLE_DEBUG_INFO = NO;
				MTL_FAST_MATH = YES;
				SDKROOT = iphoneos;
				SWIFT_COMPILATION_MODE = wholemodule;
				VALIDATE_PRODUCT = YES;
			};
			name = Release;
		};
		A00914712C177EAE002B4AB2 /* Debug */ = {
			isa = XCBuildConfiguration;
			buildSettings = {
				ASSETCATALOG_COMPILER_APPICON_NAME = AppIcon;
				ASSETCATALOG_COMPILER_GLOBAL_ACCENT_COLOR_NAME = AccentColor;
				CODE_SIGN_STYLE = Automatic;
				CURRENT_PROJECT_VERSION = 1;
				DEVELOPMENT_ASSET_PATHS = "\"Calculator/Preview Content\"";
				DEVELOPMENT_TEAM = KSKFLS4ZH5;
				ENABLE_PREVIEWS = YES;
				GENERATE_INFOPLIST_FILE = YES;
				INFOPLIST_KEY_UIApplicationSceneManifest_Generation = YES;
				INFOPLIST_KEY_UIApplicationSupportsIndirectInputEvents = YES;
				INFOPLIST_KEY_UILaunchScreen_Generation = YES;
				INFOPLIST_KEY_UISupportedInterfaceOrientations = UIInterfaceOrientationPortrait;
				LD_RUNPATH_SEARCH_PATHS = (
					"$(inherited)",
					"@executable_path/Frameworks",
				);
				MARKETING_VERSION = 1.0;
				PRODUCT_BUNDLE_IDENTIFIER = wupiupi.Calculator;
				PRODUCT_NAME = "$(TARGET_NAME)";
				SUPPORTED_PLATFORMS = "iphoneos iphonesimulator";
				SUPPORTS_MACCATALYST = NO;
				SUPPORTS_MAC_DESIGNED_FOR_IPHONE_IPAD = NO;
				SUPPORTS_XR_DESIGNED_FOR_IPHONE_IPAD = NO;
				SWIFT_EMIT_LOC_STRINGS = YES;
				SWIFT_VERSION = 5.0;
				TARGETED_DEVICE_FAMILY = 1;
			};
			name = Debug;
		};
		A00914722C177EAE002B4AB2 /* Release */ = {
			isa = XCBuildConfiguration;
			buildSettings = {
				ASSETCATALOG_COMPILER_APPICON_NAME = AppIcon;
				ASSETCATALOG_COMPILER_GLOBAL_ACCENT_COLOR_NAME = AccentColor;
				CODE_SIGN_STYLE = Automatic;
				CURRENT_PROJECT_VERSION = 1;
				DEVELOPMENT_ASSET_PATHS = "\"Calculator/Preview Content\"";
				DEVELOPMENT_TEAM = KSKFLS4ZH5;
				ENABLE_PREVIEWS = YES;
				GENERATE_INFOPLIST_FILE = YES;
				INFOPLIST_KEY_UIApplicationSceneManifest_Generation = YES;
				INFOPLIST_KEY_UIApplicationSupportsIndirectInputEvents = YES;
				INFOPLIST_KEY_UILaunchScreen_Generation = YES;
				INFOPLIST_KEY_UISupportedInterfaceOrientations = UIInterfaceOrientationPortrait;
				LD_RUNPATH_SEARCH_PATHS = (
					"$(inherited)",
					"@executable_path/Frameworks",
				);
				MARKETING_VERSION = 1.0;
				PRODUCT_BUNDLE_IDENTIFIER = wupiupi.Calculator;
				PRODUCT_NAME = "$(TARGET_NAME)";
				SUPPORTED_PLATFORMS = "iphoneos iphonesimulator";
				SUPPORTS_MACCATALYST = NO;
				SUPPORTS_MAC_DESIGNED_FOR_IPHONE_IPAD = NO;
				SUPPORTS_XR_DESIGNED_FOR_IPHONE_IPAD = NO;
				SWIFT_EMIT_LOC_STRINGS = YES;
				SWIFT_VERSION = 5.0;
				TARGETED_DEVICE_FAMILY = 1;
			};
			name = Release;
		};
/* End XCBuildConfiguration section */

/* Begin XCConfigurationList section */
		A009145D2C177EAD002B4AB2 /* Build configuration list for PBXProject "Calculator" */ = {
			isa = XCConfigurationList;
			buildConfigurations = (
				A009146E2C177EAE002B4AB2 /* Debug */,
				A009146F2C177EAE002B4AB2 /* Release */,
			);
			defaultConfigurationIsVisible = 0;
			defaultConfigurationName = Release;
		};
		A00914702C177EAE002B4AB2 /* Build configuration list for PBXNativeTarget "Calculator" */ = {
			isa = XCConfigurationList;
			buildConfigurations = (
				A00914712C177EAE002B4AB2 /* Debug */,
				A00914722C177EAE002B4AB2 /* Release */,
			);
			defaultConfigurationIsVisible = 0;
			defaultConfigurationName = Release;
		};
/* End XCConfigurationList section */
	};
	rootObject = A009145A2C177EAD002B4AB2 /* Project object */;
}
